// !$*UTF8*$!
{
	archiveVersion = 1;
	classes = {
	};
	objectVersion = 56;
	objects = {

/* Begin PBXBuildFile section */
		5393555E2901F29000183754 /* SearchResultsViewModel.swift in Sources */ = {isa = PBXBuildFile; fileRef = 5393555D2901F29000183754 /* SearchResultsViewModel.swift */; };
		539355602901F34000183754 /* LocalSearchService.swift in Sources */ = {isa = PBXBuildFile; fileRef = 5393555F2901F34000183754 /* LocalSearchService.swift */; };
		539355622901F8D300183754 /* SearchResultsList.swift in Sources */ = {isa = PBXBuildFile; fileRef = 539355612901F8D300183754 /* SearchResultsList.swift */; };
		539355642901F90400183754 /* UserSettings.swift in Sources */ = {isa = PBXBuildFile; fileRef = 539355632901F90400183754 /* UserSettings.swift */; };
		539355662901F90E00183754 /* DistanceFormatter.swift in Sources */ = {isa = PBXBuildFile; fileRef = 539355652901F90E00183754 /* DistanceFormatter.swift */; };
		539355682901F92F00183754 /* DistanceUnit.swift in Sources */ = {isa = PBXBuildFile; fileRef = 539355672901F92F00183754 /* DistanceUnit.swift */; };
		5393556A2901F97A00183754 /* Measurement+Extensions.swift in Sources */ = {isa = PBXBuildFile; fileRef = 539355692901F97A00183754 /* Measurement+Extensions.swift */; };
		53B225CE28FF547100D14717 /* MKCoordinateRegion+ extensions.swift in Sources */ = {isa = PBXBuildFile; fileRef = 53B225CD28FF547100D14717 /* MKCoordinateRegion+ extensions.swift */; };
		53B225D028FF59C400D14717 /* LocationManager.swift in Sources */ = {isa = PBXBuildFile; fileRef = 53B225CF28FF59C400D14717 /* LocationManager.swift */; };
		53BD202B28D806F400480B29 /* MapTestBedApp.swift in Sources */ = {isa = PBXBuildFile; fileRef = 53BD202A28D806F400480B29 /* MapTestBedApp.swift */; };
		53BD202D28D806F400480B29 /* ContentView.swift in Sources */ = {isa = PBXBuildFile; fileRef = 53BD202C28D806F400480B29 /* ContentView.swift */; };
		53BD202F28D806F600480B29 /* Assets.xcassets in Resources */ = {isa = PBXBuildFile; fileRef = 53BD202E28D806F600480B29 /* Assets.xcassets */; };
		53BD203228D806F600480B29 /* Preview Assets.xcassets in Resources */ = {isa = PBXBuildFile; fileRef = 53BD203128D806F600480B29 /* Preview Assets.xcassets */; };
		53BD203928D8072100480B29 /* MapView.swift in Sources */ = {isa = PBXBuildFile; fileRef = 53BD203828D8072100480B29 /* MapView.swift */; };
		53BD203B28D8088200480B29 /* MapViewCoordinator.swift in Sources */ = {isa = PBXBuildFile; fileRef = 53BD203A28D8088200480B29 /* MapViewCoordinator.swift */; };
		53BD203D28D80AA300480B29 /* MapScreen.swift in Sources */ = {isa = PBXBuildFile; fileRef = 53BD203C28D80AA300480B29 /* MapScreen.swift */; };
		53BD203F28D80AB600480B29 /* AppState.swift in Sources */ = {isa = PBXBuildFile; fileRef = 53BD203E28D80AB600480B29 /* AppState.swift */; };
		53BD204128D80AE200480B29 /* Landmark.swift in Sources */ = {isa = PBXBuildFile; fileRef = 53BD204028D80AE200480B29 /* Landmark.swift */; };
		53BD204328D80AFD00480B29 /* LandmarkAnnotation.swift in Sources */ = {isa = PBXBuildFile; fileRef = 53BD204228D80AFD00480B29 /* LandmarkAnnotation.swift */; };
		53FDD5E32902E45F0018002B /* MapCalloutView.swift in Sources */ = {isa = PBXBuildFile; fileRef = 53FDD5E22902E45F0018002B /* MapCalloutView.swift */; };
		53FDD5E52902E5760018002B /* CallOutView.swift in Sources */ = {isa = PBXBuildFile; fileRef = 53FDD5E42902E5760018002B /* CallOutView.swift */; };
		53FDD5E729070DB60018002B /* RouteContentViewController.swift in Sources */ = {isa = PBXBuildFile; fileRef = 53FDD5E629070DB60018002B /* RouteContentViewController.swift */; };
		53FDD5EB290716520018002B /* RoutePopover.swift in Sources */ = {isa = PBXBuildFile; fileRef = 53FDD5EA290716520018002B /* RoutePopover.swift */; };
		53FDD5F3290971310018002B /* ButtonUIStack.swift in Sources */ = {isa = PBXBuildFile; fileRef = 53FDD5F2290971310018002B /* ButtonUIStack.swift */; };
		53FDD60F290AC6C00018002B /* MainView.swift in Sources */ = {isa = PBXBuildFile; fileRef = 53FDD60E290AC6C00018002B /* MainView.swift */; };
		53FDD611290AC88C0018002B /* SearchScreen.swift in Sources */ = {isa = PBXBuildFile; fileRef = 53FDD610290AC88C0018002B /* SearchScreen.swift */; };
		53FDD613290B25280018002B /* RouteView.swift in Sources */ = {isa = PBXBuildFile; fileRef = 53FDD612290B25280018002B /* RouteView.swift */; };
/* End PBXBuildFile section */

/* Begin PBXFileReference section */
		538511862900AC2B004FB303 /* Info.plist */ = {isa = PBXFileReference; lastKnownFileType = text.plist; path = Info.plist; sourceTree = "<group>"; };
		5393555D2901F29000183754 /* SearchResultsViewModel.swift */ = {isa = PBXFileReference; fileEncoding = 4; lastKnownFileType = sourcecode.swift; path = SearchResultsViewModel.swift; sourceTree = "<group>"; };
		5393555F2901F34000183754 /* LocalSearchService.swift */ = {isa = PBXFileReference; fileEncoding = 4; lastKnownFileType = sourcecode.swift; path = LocalSearchService.swift; sourceTree = "<group>"; };
		539355612901F8D300183754 /* SearchResultsList.swift */ = {isa = PBXFileReference; fileEncoding = 4; lastKnownFileType = sourcecode.swift; path = SearchResultsList.swift; sourceTree = "<group>"; };
		539355632901F90400183754 /* UserSettings.swift */ = {isa = PBXFileReference; fileEncoding = 4; lastKnownFileType = sourcecode.swift; path = UserSettings.swift; sourceTree = "<group>"; };
		539355652901F90E00183754 /* DistanceFormatter.swift */ = {isa = PBXFileReference; fileEncoding = 4; lastKnownFileType = sourcecode.swift; path = DistanceFormatter.swift; sourceTree = "<group>"; };
		539355672901F92F00183754 /* DistanceUnit.swift */ = {isa = PBXFileReference; fileEncoding = 4; lastKnownFileType = sourcecode.swift; path = DistanceUnit.swift; sourceTree = "<group>"; };
		539355692901F97A00183754 /* Measurement+Extensions.swift */ = {isa = PBXFileReference; fileEncoding = 4; lastKnownFileType = sourcecode.swift; path = "Measurement+Extensions.swift"; sourceTree = "<group>"; };
		53B225CD28FF547100D14717 /* MKCoordinateRegion+ extensions.swift */ = {isa = PBXFileReference; lastKnownFileType = sourcecode.swift; path = "MKCoordinateRegion+ extensions.swift"; sourceTree = "<group>"; };
		53B225CF28FF59C400D14717 /* LocationManager.swift */ = {isa = PBXFileReference; fileEncoding = 4; lastKnownFileType = sourcecode.swift; path = LocationManager.swift; sourceTree = "<group>"; };
		53BD202728D806F400480B29 /* MapTestBed.app */ = {isa = PBXFileReference; explicitFileType = wrapper.application; includeInIndex = 0; path = MapTestBed.app; sourceTree = BUILT_PRODUCTS_DIR; };
		53BD202A28D806F400480B29 /* MapTestBedApp.swift */ = {isa = PBXFileReference; lastKnownFileType = sourcecode.swift; path = MapTestBedApp.swift; sourceTree = "<group>"; };
		53BD202C28D806F400480B29 /* ContentView.swift */ = {isa = PBXFileReference; lastKnownFileType = sourcecode.swift; path = ContentView.swift; sourceTree = "<group>"; };
		53BD202E28D806F600480B29 /* Assets.xcassets */ = {isa = PBXFileReference; lastKnownFileType = folder.assetcatalog; path = Assets.xcassets; sourceTree = "<group>"; };
		53BD203128D806F600480B29 /* Preview Assets.xcassets */ = {isa = PBXFileReference; lastKnownFileType = folder.assetcatalog; path = "Preview Assets.xcassets"; sourceTree = "<group>"; };
		53BD203828D8072100480B29 /* MapView.swift */ = {isa = PBXFileReference; lastKnownFileType = sourcecode.swift; path = MapView.swift; sourceTree = "<group>"; };
		53BD203A28D8088200480B29 /* MapViewCoordinator.swift */ = {isa = PBXFileReference; lastKnownFileType = sourcecode.swift; path = MapViewCoordinator.swift; sourceTree = "<group>"; };
		53BD203C28D80AA300480B29 /* MapScreen.swift */ = {isa = PBXFileReference; fileEncoding = 4; lastKnownFileType = sourcecode.swift; path = MapScreen.swift; sourceTree = "<group>"; };
		53BD203E28D80AB600480B29 /* AppState.swift */ = {isa = PBXFileReference; fileEncoding = 4; lastKnownFileType = sourcecode.swift; path = AppState.swift; sourceTree = "<group>"; };
		53BD204028D80AE200480B29 /* Landmark.swift */ = {isa = PBXFileReference; fileEncoding = 4; lastKnownFileType = sourcecode.swift; path = Landmark.swift; sourceTree = "<group>"; };
		53BD204228D80AFD00480B29 /* LandmarkAnnotation.swift */ = {isa = PBXFileReference; fileEncoding = 4; lastKnownFileType = sourcecode.swift; path = LandmarkAnnotation.swift; sourceTree = "<group>"; };
		53FDD5E22902E45F0018002B /* MapCalloutView.swift */ = {isa = PBXFileReference; fileEncoding = 4; lastKnownFileType = sourcecode.swift; path = MapCalloutView.swift; sourceTree = "<group>"; };
		53FDD5E42902E5760018002B /* CallOutView.swift */ = {isa = PBXFileReference; lastKnownFileType = sourcecode.swift; path = CallOutView.swift; sourceTree = "<group>"; };
		53FDD5E629070DB60018002B /* RouteContentViewController.swift */ = {isa = PBXFileReference; fileEncoding = 4; lastKnownFileType = sourcecode.swift; path = RouteContentViewController.swift; sourceTree = "<group>"; };
		53FDD5EA290716520018002B /* RoutePopover.swift */ = {isa = PBXFileReference; fileEncoding = 4; lastKnownFileType = sourcecode.swift; path = RoutePopover.swift; sourceTree = "<group>"; };
		53FDD5F2290971310018002B /* ButtonUIStack.swift */ = {isa = PBXFileReference; lastKnownFileType = sourcecode.swift; path = ButtonUIStack.swift; sourceTree = "<group>"; };
		53FDD60E290AC6C00018002B /* MainView.swift */ = {isa = PBXFileReference; lastKnownFileType = sourcecode.swift; path = MainView.swift; sourceTree = "<group>"; };
		53FDD610290AC88C0018002B /* SearchScreen.swift */ = {isa = PBXFileReference; lastKnownFileType = sourcecode.swift; path = SearchScreen.swift; sourceTree = "<group>"; };
		53FDD612290B25280018002B /* RouteView.swift */ = {isa = PBXFileReference; lastKnownFileType = sourcecode.swift; path = RouteView.swift; sourceTree = "<group>"; };
/* End PBXFileReference section */

/* Begin PBXFrameworksBuildPhase section */
		53BD202428D806F400480B29 /* Frameworks */ = {
			isa = PBXFrameworksBuildPhase;
			buildActionMask = 2147483647;
			files = (
			);
			runOnlyForDeploymentPostprocessing = 0;
		};
/* End PBXFrameworksBuildPhase section */

/* Begin PBXGroup section */
		53BD201E28D806F400480B29 = {
			isa = PBXGroup;
			children = (
				53BD202928D806F400480B29 /* MapTestBed */,
				53BD202828D806F400480B29 /* Products */,
			);
			sourceTree = "<group>";
		};
		53BD202828D806F400480B29 /* Products */ = {
			isa = PBXGroup;
			children = (
				53BD202728D806F400480B29 /* MapTestBed.app */,
			);
			name = Products;
			sourceTree = "<group>";
		};
		53BD202928D806F400480B29 /* MapTestBed */ = {
			isa = PBXGroup;
			children = (
				538511862900AC2B004FB303 /* Info.plist */,
				53BD202A28D806F400480B29 /* MapTestBedApp.swift */,
				53BD203E28D80AB600480B29 /* AppState.swift */,
				53BD204228D80AFD00480B29 /* LandmarkAnnotation.swift */,
				53BD202C28D806F400480B29 /* ContentView.swift */,
				53BD202E28D806F600480B29 /* Assets.xcassets */,
				53BD203028D806F600480B29 /* Preview Content */,
				53BD203828D8072100480B29 /* MapView.swift */,
				53BD203C28D80AA300480B29 /* MapScreen.swift */,
				53BD204028D80AE200480B29 /* Landmark.swift */,
				53BD203A28D8088200480B29 /* MapViewCoordinator.swift */,
				53B225CD28FF547100D14717 /* MKCoordinateRegion+ extensions.swift */,
				53B225CF28FF59C400D14717 /* LocationManager.swift */,
				5393555D2901F29000183754 /* SearchResultsViewModel.swift */,
				5393555F2901F34000183754 /* LocalSearchService.swift */,
				539355612901F8D300183754 /* SearchResultsList.swift */,
				539355632901F90400183754 /* UserSettings.swift */,
				539355652901F90E00183754 /* DistanceFormatter.swift */,
				539355672901F92F00183754 /* DistanceUnit.swift */,
				539355692901F97A00183754 /* Measurement+Extensions.swift */,
				53FDD5E22902E45F0018002B /* MapCalloutView.swift */,
				53FDD5E42902E5760018002B /* CallOutView.swift */,
				53FDD5E629070DB60018002B /* RouteContentViewController.swift */,
				53FDD5EA290716520018002B /* RoutePopover.swift */,
				53FDD5F2290971310018002B /* ButtonUIStack.swift */,
				53FDD60E290AC6C00018002B /* MainView.swift */,
				53FDD610290AC88C0018002B /* SearchScreen.swift */,
				53FDD612290B25280018002B /* RouteView.swift */,
			);
			path = MapTestBed;
			sourceTree = "<group>";
		};
		53BD203028D806F600480B29 /* Preview Content */ = {
			isa = PBXGroup;
			children = (
				53BD203128D806F600480B29 /* Preview Assets.xcassets */,
			);
			path = "Preview Content";
			sourceTree = "<group>";
		};
/* End PBXGroup section */

/* Begin PBXNativeTarget section */
		53BD202628D806F400480B29 /* MapTestBed */ = {
			isa = PBXNativeTarget;
			buildConfigurationList = 53BD203528D806F600480B29 /* Build configuration list for PBXNativeTarget "MapTestBed" */;
			buildPhases = (
				53BD202328D806F400480B29 /* Sources */,
				53BD202428D806F400480B29 /* Frameworks */,
				53BD202528D806F400480B29 /* Resources */,
			);
			buildRules = (
			);
			dependencies = (
			);
			name = MapTestBed;
			productName = MapTestBed;
			productReference = 53BD202728D806F400480B29 /* MapTestBed.app */;
			productType = "com.apple.product-type.application";
		};
/* End PBXNativeTarget section */

/* Begin PBXProject section */
		53BD201F28D806F400480B29 /* Project object */ = {
			isa = PBXProject;
			attributes = {
				BuildIndependentTargetsInParallel = 1;
				LastSwiftUpdateCheck = 1400;
				LastUpgradeCheck = 1400;
				TargetAttributes = {
					53BD202628D806F400480B29 = {
						CreatedOnToolsVersion = 14.0;
					};
				};
			};
			buildConfigurationList = 53BD202228D806F400480B29 /* Build configuration list for PBXProject "MapTestBed" */;
			compatibilityVersion = "Xcode 14.0";
			developmentRegion = en;
			hasScannedForEncodings = 0;
			knownRegions = (
				en,
				Base,
			);
			mainGroup = 53BD201E28D806F400480B29;
			productRefGroup = 53BD202828D806F400480B29 /* Products */;
			projectDirPath = "";
			projectRoot = "";
			targets = (
				53BD202628D806F400480B29 /* MapTestBed */,
			);
		};
/* End PBXProject section */

/* Begin PBXResourcesBuildPhase section */
		53BD202528D806F400480B29 /* Resources */ = {
			isa = PBXResourcesBuildPhase;
			buildActionMask = 2147483647;
			files = (
				53BD203228D806F600480B29 /* Preview Assets.xcassets in Resources */,
				53BD202F28D806F600480B29 /* Assets.xcassets in Resources */,
			);
			runOnlyForDeploymentPostprocessing = 0;
		};
/* End PBXResourcesBuildPhase section */

/* Begin PBXSourcesBuildPhase section */
		53BD202328D806F400480B29 /* Sources */ = {
			isa = PBXSourcesBuildPhase;
			buildActionMask = 2147483647;
			files = (
				53BD204328D80AFD00480B29 /* LandmarkAnnotation.swift in Sources */,
				53FDD5EB290716520018002B /* RoutePopover.swift in Sources */,
				539355602901F34000183754 /* LocalSearchService.swift in Sources */,
				53FDD5E52902E5760018002B /* CallOutView.swift in Sources */,
				5393555E2901F29000183754 /* SearchResultsViewModel.swift in Sources */,
				53BD204128D80AE200480B29 /* Landmark.swift in Sources */,
				53FDD5E32902E45F0018002B /* MapCalloutView.swift in Sources */,
				53B225D028FF59C400D14717 /* LocationManager.swift in Sources */,
				53BD203B28D8088200480B29 /* MapViewCoordinator.swift in Sources */,
				53FDD5E729070DB60018002B /* RouteContentViewController.swift in Sources */,
				53B225CE28FF547100D14717 /* MKCoordinateRegion+ extensions.swift in Sources */,
				53FDD613290B25280018002B /* RouteView.swift in Sources */,
				53FDD611290AC88C0018002B /* SearchScreen.swift in Sources */,
				53BD202D28D806F400480B29 /* ContentView.swift in Sources */,
				539355682901F92F00183754 /* DistanceUnit.swift in Sources */,
				53BD203928D8072100480B29 /* MapView.swift in Sources */,
				5393556A2901F97A00183754 /* Measurement+Extensions.swift in Sources */,
				539355662901F90E00183754 /* DistanceFormatter.swift in Sources */,
				539355622901F8D300183754 /* SearchResultsList.swift in Sources */,
				53BD203F28D80AB600480B29 /* AppState.swift in Sources */,
				53FDD5F3290971310018002B /* ButtonUIStack.swift in Sources */,
				53FDD60F290AC6C00018002B /* MainView.swift in Sources */,
				539355642901F90400183754 /* UserSettings.swift in Sources */,
				53BD202B28D806F400480B29 /* MapTestBedApp.swift in Sources */,
				53BD203D28D80AA300480B29 /* MapScreen.swift in Sources */,
			);
			runOnlyForDeploymentPostprocessing = 0;
		};
/* End PBXSourcesBuildPhase section */

/* Begin XCBuildConfiguration section */
		53BD203328D806F600480B29 /* Debug */ = {
			isa = XCBuildConfiguration;
			buildSettings = {
				ALWAYS_SEARCH_USER_PATHS = NO;
				CLANG_ANALYZER_NONNULL = YES;
				CLANG_ANALYZER_NUMBER_OBJECT_CONVERSION = YES_AGGRESSIVE;
				CLANG_CXX_LANGUAGE_STANDARD = "gnu++20";
				CLANG_ENABLE_MODULES = YES;
				CLANG_ENABLE_OBJC_ARC = YES;
				CLANG_ENABLE_OBJC_WEAK = YES;
				CLANG_WARN_BLOCK_CAPTURE_AUTORELEASING = YES;
				CLANG_WARN_BOOL_CONVERSION = YES;
				CLANG_WARN_COMMA = YES;
				CLANG_WARN_CONSTANT_CONVERSION = YES;
				CLANG_WARN_DEPRECATED_OBJC_IMPLEMENTATIONS = YES;
				CLANG_WARN_DIRECT_OBJC_ISA_USAGE = YES_ERROR;
				CLANG_WARN_DOCUMENTATION_COMMENTS = YES;
				CLANG_WARN_EMPTY_BODY = YES;
				CLANG_WARN_ENUM_CONVERSION = YES;
				CLANG_WARN_INFINITE_RECURSION = YES;
				CLANG_WARN_INT_CONVERSION = YES;
				CLANG_WARN_NON_LITERAL_NULL_CONVERSION = YES;
				CLANG_WARN_OBJC_IMPLICIT_RETAIN_SELF = YES;
				CLANG_WARN_OBJC_LITERAL_CONVERSION = YES;
				CLANG_WARN_OBJC_ROOT_CLASS = YES_ERROR;
				CLANG_WARN_QUOTED_INCLUDE_IN_FRAMEWORK_HEADER = YES;
				CLANG_WARN_RANGE_LOOP_ANALYSIS = YES;
				CLANG_WARN_STRICT_PROTOTYPES = YES;
				CLANG_WARN_SUSPICIOUS_MOVE = YES;
				CLANG_WARN_UNGUARDED_AVAILABILITY = YES_AGGRESSIVE;
				CLANG_WARN_UNREACHABLE_CODE = YES;
				CLANG_WARN__DUPLICATE_METHOD_MATCH = YES;
				COPY_PHASE_STRIP = NO;
				DEBUG_INFORMATION_FORMAT = dwarf;
				ENABLE_STRICT_OBJC_MSGSEND = YES;
				ENABLE_TESTABILITY = YES;
				GCC_C_LANGUAGE_STANDARD = gnu11;
				GCC_DYNAMIC_NO_PIC = NO;
				GCC_NO_COMMON_BLOCKS = YES;
				GCC_OPTIMIZATION_LEVEL = 0;
				GCC_PREPROCESSOR_DEFINITIONS = (
					"DEBUG=1",
					"$(inherited)",
				);
				GCC_WARN_64_TO_32_BIT_CONVERSION = YES;
				GCC_WARN_ABOUT_RETURN_TYPE = YES_ERROR;
				GCC_WARN_UNDECLARED_SELECTOR = YES;
				GCC_WARN_UNINITIALIZED_AUTOS = YES_AGGRESSIVE;
				GCC_WARN_UNUSED_FUNCTION = YES;
				GCC_WARN_UNUSED_VARIABLE = YES;
				IPHONEOS_DEPLOYMENT_TARGET = 16.0;
				MTL_ENABLE_DEBUG_INFO = INCLUDE_SOURCE;
				MTL_FAST_MATH = YES;
				ONLY_ACTIVE_ARCH = YES;
				SDKROOT = iphoneos;
				SWIFT_ACTIVE_COMPILATION_CONDITIONS = DEBUG;
				SWIFT_OPTIMIZATION_LEVEL = "-Onone";
			};
			name = Debug;
		};
		53BD203428D806F600480B29 /* Release */ = {
			isa = XCBuildConfiguration;
			buildSettings = {
				ALWAYS_SEARCH_USER_PATHS = NO;
				CLANG_ANALYZER_NONNULL = YES;
				CLANG_ANALYZER_NUMBER_OBJECT_CONVERSION = YES_AGGRESSIVE;
				CLANG_CXX_LANGUAGE_STANDARD = "gnu++20";
				CLANG_ENABLE_MODULES = YES;
				CLANG_ENABLE_OBJC_ARC = YES;
				CLANG_ENABLE_OBJC_WEAK = YES;
				CLANG_WARN_BLOCK_CAPTURE_AUTORELEASING = YES;
				CLANG_WARN_BOOL_CONVERSION = YES;
				CLANG_WARN_COMMA = YES;
				CLANG_WARN_CONSTANT_CONVERSION = YES;
				CLANG_WARN_DEPRECATED_OBJC_IMPLEMENTATIONS = YES;
				CLANG_WARN_DIRECT_OBJC_ISA_USAGE = YES_ERROR;
				CLANG_WARN_DOCUMENTATION_COMMENTS = YES;
				CLANG_WARN_EMPTY_BODY = YES;
				CLANG_WARN_ENUM_CONVERSION = YES;
				CLANG_WARN_INFINITE_RECURSION = YES;
				CLANG_WARN_INT_CONVERSION = YES;
				CLANG_WARN_NON_LITERAL_NULL_CONVERSION = YES;
				CLANG_WARN_OBJC_IMPLICIT_RETAIN_SELF = YES;
				CLANG_WARN_OBJC_LITERAL_CONVERSION = YES;
				CLANG_WARN_OBJC_ROOT_CLASS = YES_ERROR;
				CLANG_WARN_QUOTED_INCLUDE_IN_FRAMEWORK_HEADER = YES;
				CLANG_WARN_RANGE_LOOP_ANALYSIS = YES;
				CLANG_WARN_STRICT_PROTOTYPES = YES;
				CLANG_WARN_SUSPICIOUS_MOVE = YES;
				CLANG_WARN_UNGUARDED_AVAILABILITY = YES_AGGRESSIVE;
				CLANG_WARN_UNREACHABLE_CODE = YES;
				CLANG_WARN__DUPLICATE_METHOD_MATCH = YES;
				COPY_PHASE_STRIP = NO;
				DEBUG_INFORMATION_FORMAT = "dwarf-with-dsym";
				ENABLE_NS_ASSERTIONS = NO;
				ENABLE_STRICT_OBJC_MSGSEND = YES;
				GCC_C_LANGUAGE_STANDARD = gnu11;
				GCC_NO_COMMON_BLOCKS = YES;
				GCC_WARN_64_TO_32_BIT_CONVERSION = YES;
				GCC_WARN_ABOUT_RETURN_TYPE = YES_ERROR;
				GCC_WARN_UNDECLARED_SELECTOR = YES;
				GCC_WARN_UNINITIALIZED_AUTOS = YES_AGGRESSIVE;
				GCC_WARN_UNUSED_FUNCTION = YES;
				GCC_WARN_UNUSED_VARIABLE = YES;
				IPHONEOS_DEPLOYMENT_TARGET = 16.0;
				MTL_ENABLE_DEBUG_INFO = NO;
				MTL_FAST_MATH = YES;
				SDKROOT = iphoneos;
				SWIFT_COMPILATION_MODE = wholemodule;
				SWIFT_OPTIMIZATION_LEVEL = "-O";
				VALIDATE_PRODUCT = YES;
			};
			name = Release;
		};
		53BD203628D806F600480B29 /* Debug */ = {
			isa = XCBuildConfiguration;
			buildSettings = {
				ASSETCATALOG_COMPILER_APPICON_NAME = AppIcon;
				ASSETCATALOG_COMPILER_GLOBAL_ACCENT_COLOR_NAME = AccentColor;
				CODE_SIGN_STYLE = Automatic;
				CURRENT_PROJECT_VERSION = 1;
				DEVELOPMENT_ASSET_PATHS = "\"MapTestBed/Preview Content\"";
				DEVELOPMENT_TEAM = 8GFL38QM4Q;
				ENABLE_PREVIEWS = YES;
				GENERATE_INFOPLIST_FILE = YES;
				INFOPLIST_FILE = MapTestBed/Info.plist;
				INFOPLIST_KEY_LSSupportsOpeningDocumentsInPlace = YES;
				INFOPLIST_KEY_NSLocationAlwaysAndWhenInUseUsageDescription = "This App must use your location";
				INFOPLIST_KEY_NSLocationAlwaysUsageDescription = "This App must use your location";
				INFOPLIST_KEY_NSLocationWhenInUseUsageDescription = "This App must use your location";
				INFOPLIST_KEY_UIApplicationSceneManifest_Generation = YES;
				INFOPLIST_KEY_UIApplicationSupportsIndirectInputEvents = YES;
				INFOPLIST_KEY_UILaunchScreen_Generation = YES;
				INFOPLIST_KEY_UISupportedInterfaceOrientations_iPad = "UIInterfaceOrientationPortrait UIInterfaceOrientationPortraitUpsideDown UIInterfaceOrientationLandscapeLeft UIInterfaceOrientationLandscapeRight";
				INFOPLIST_KEY_UISupportedInterfaceOrientations_iPhone = "UIInterfaceOrientationPortrait UIInterfaceOrientationLandscapeLeft UIInterfaceOrientationLandscapeRight";
				IPHONEOS_DEPLOYMENT_TARGET = 16.0;
				LD_RUNPATH_SEARCH_PATHS = (
					"$(inherited)",
					"@executable_path/Frameworks",
				);
				MARKETING_VERSION = 1.0;
				PRODUCT_BUNDLE_IDENTIFIER = com.CasaAdobeSoftware.MapTestBed;
				PRODUCT_NAME = "$(TARGET_NAME)";
				SWIFT_EMIT_LOC_STRINGS = YES;
				SWIFT_VERSION = 5.0;
				TARGETED_DEVICE_FAMILY = "1,2";
			};
			name = Debug;
		};
		53BD203728D806F600480B29 /* Release */ = {
			isa = XCBuildConfiguration;
			buildSettings = {
				ASSETCATALOG_COMPILER_APPICON_NAME = AppIcon;
				ASSETCATALOG_COMPILER_GLOBAL_ACCENT_COLOR_NAME = AccentColor;
				CODE_SIGN_STYLE = Automatic;
				CURRENT_PROJECT_VERSION = 1;
				DEVELOPMENT_ASSET_PATHS = "\"MapTestBed/Preview Content\"";
				DEVELOPMENT_TEAM = 8GFL38QM4Q;
				ENABLE_PREVIEWS = YES;
				GENERATE_INFOPLIST_FILE = YES;
				INFOPLIST_FILE = MapTestBed/Info.plist;
				INFOPLIST_KEY_LSSupportsOpeningDocumentsInPlace = YES;
				INFOPLIST_KEY_NSLocationAlwaysAndWhenInUseUsageDescription = "This App must use your location";
				INFOPLIST_KEY_NSLocationAlwaysUsageDescription = "This App must use your location";
				INFOPLIST_KEY_NSLocationWhenInUseUsageDescription = "This App must use your location";
				INFOPLIST_KEY_UIApplicationSceneManifest_Generation = YES;
				INFOPLIST_KEY_UIApplicationSupportsIndirectInputEvents = YES;
				INFOPLIST_KEY_UILaunchScreen_Generation = YES;
				INFOPLIST_KEY_UISupportedInterfaceOrientations_iPad = "UIInterfaceOrientationPortrait UIInterfaceOrientationPortraitUpsideDown UIInterfaceOrientationLandscapeLeft UIInterfaceOrientationLandscapeRight";
				INFOPLIST_KEY_UISupportedInterfaceOrientations_iPhone = "UIInterfaceOrientationPortrait UIInterfaceOrientationLandscapeLeft UIInterfaceOrientationLandscapeRight";
				IPHONEOS_DEPLOYMENT_TARGET = 16.0;
				LD_RUNPATH_SEARCH_PATHS = (
					"$(inherited)",
					"@executable_path/Frameworks",
				);
				MARKETING_VERSION = 1.0;
				PRODUCT_BUNDLE_IDENTIFIER = com.CasaAdobeSoftware.MapTestBed;
				PRODUCT_NAME = "$(TARGET_NAME)";
				SWIFT_EMIT_LOC_STRINGS = YES;
				SWIFT_VERSION = 5.0;
				TARGETED_DEVICE_FAMILY = "1,2";
			};
			name = Release;
		};
/* End XCBuildConfiguration section */

/* Begin XCConfigurationList section */
		53BD202228D806F400480B29 /* Build configuration list for PBXProject "MapTestBed" */ = {
			isa = XCConfigurationList;
			buildConfigurations = (
				53BD203328D806F600480B29 /* Debug */,
				53BD203428D806F600480B29 /* Release */,
			);
			defaultConfigurationIsVisible = 0;
			defaultConfigurationName = Release;
		};
		53BD203528D806F600480B29 /* Build configuration list for PBXNativeTarget "MapTestBed" */ = {
			isa = XCConfigurationList;
			buildConfigurations = (
				53BD203628D806F600480B29 /* Debug */,
				53BD203728D806F600480B29 /* Release */,
			);
			defaultConfigurationIsVisible = 0;
			defaultConfigurationName = Release;
		};
/* End XCConfigurationList section */
	};
	rootObject = 53BD201F28D806F400480B29 /* Project object */;
}
